
Microsoft Visual Studio Solution File, Format Version 12.00
# Visual Studio Version 17
VisualStudioVersion = 17.3.32929.385
MinimumVisualStudioVersion = 10.0.40219.1
Project("{9A19103F-16F7-4668-BE54-9A1E7A4F7556}") = "DanceMatClassLibrary", "DanceMatClassLibrary\DanceMatClassLibrary.csproj", "{B0C8098B-9734-4D37-90FC-AA2C382A2977}"
EndProject
Project("{9A19103F-16F7-4668-BE54-9A1E7A4F7556}") = "ConsoleTester", "ConsoleTester\ConsoleTester.csproj", "{B69924C8-5EA4-462C-B42A-D52A8D34F19F}"
EndProject
Project("{9A19103F-16F7-4668-BE54-9A1E7A4F7556}") = "DanceMatVisualizerWindow", "DanceMatVisualizerWindow\DanceMatVisualizerWindow.csproj", "{6846F7BF-025F-4B6E-891D-0ADA64BD0A1C}"
EndProject
Project("{9A19103F-16F7-4668-BE54-9A1E7A4F7556}") = "DanceMatMazeGame", "DanceMatMazeGame\DanceMatMazeGame.csproj", "{88037F2C-50EA-4B0E-BE93-6EBF34EEB212}"
EndProject
Global
	GlobalSection(SolutionConfigurationPlatforms) = preSolution
		Debug|Any CPU = Debug|Any CPU
		Release|Any CPU = Release|Any CPU
	EndGlobalSection
	GlobalSection(ProjectConfigurationPlatforms) = postSolution
		{B0C8098B-9734-4D37-90FC-AA2C382A2977}.Debug|Any CPU.ActiveCfg = Debug|Any CPU
		{B0C8098B-9734-4D37-90FC-AA2C382A2977}.Debug|Any CPU.Build.0 = Debug|Any CPU
		{B0C8098B-9734-4D37-90FC-AA2C382A2977}.Release|Any CPU.ActiveCfg = Release|Any CPU
		{B0C8098B-9734-4D37-90FC-AA2C382A2977}.Release|Any CPU.Build.0 = Release|Any CPU
		{B69924C8-5EA4-462C-B42A-D52A8D34F19F}.Debug|Any CPU.ActiveCfg = Debug|Any CPU
		{B69924C8-5EA4-462C-B42A-D52A8D34F19F}.Debug|Any CPU.Build.0 = Debug|Any CPU
		{B69924C8-5EA4-462C-B42A-D52A8D34F19F}.Release|Any CPU.ActiveCfg = Release|Any CPU
		{B69924C8-5EA4-462C-B42A-D52A8D34F19F}.Release|Any CPU.Build.0 = Release|Any CPU
		{6846F7BF-025F-4B6E-891D-0ADA64BD0A1C}.Debug|Any CPU.ActiveCfg = Debug|Any CPU
		{6846F7BF-025F-4B6E-891D-0ADA64BD0A1C}.Debug|Any CPU.Build.0 = Debug|Any CPU
		{6846F7BF-025F-4B6E-891D-0ADA64BD0A1C}.Release|Any CPU.ActiveCfg = Release|Any CPU
		{6846F7BF-025F-4B6E-891D-0ADA64BD0A1C}.Release|Any CPU.Build.0 = Release|Any CPU
		{88037F2C-50EA-4B0E-BE93-6EBF34EEB212}.Debug|Any CPU.ActiveCfg = Debug|Any CPU
		{88037F2C-50EA-4B0E-BE93-6EBF34EEB212}.Debug|Any CPU.Build.0 = Debug|Any CPU
		{88037F2C-50EA-4B0E-BE93-6EBF34EEB212}.Release|Any CPU.ActiveCfg = Release|Any CPU
		{88037F2C-50EA-4B0E-BE93-6EBF34EEB212}.Release|Any CPU.Build.0 = Release|Any CPU
	EndGlobalSection
	GlobalSection(SolutionProperties) = preSolution
		HideSolutionNode = FALSE
	EndGlobalSection
	GlobalSection(ExtensibilityGlobals) = postSolution
		SolutionGuid = {7FF3DCFE-12E5-435A-9009-AAED2566DD4B}
	EndGlobalSection
EndGlobal
